
Microsoft Visual Studio Solution File, Format Version 12.00
# Visual Studio Version 17
VisualStudioVersion = 17.9.34616.47
MinimumVisualStudioVersion = 10.0.40219.1
Project("{FAE04EC0-301F-11D3-BF4B-00C04F79EFBC}") = "Volleyball Statistic Manager", "Volleyball Statistic Manager\Volleyball Statistic Manager.csproj", "{60E2B390-1161-40B7-9273-14E6EAACCE45}"
EndProject
Global
	GlobalSection(SolutionConfigurationPlatforms) = preSolution
		Debug|Any CPU = Debug|Any CPU
		Release|Any CPU = Release|Any CPU
	EndGlobalSection
	GlobalSection(ProjectConfigurationPlatforms) = postSolution
		{60E2B390-1161-40B7-9273-14E6EAACCE45}.Debug|Any CPU.ActiveCfg = Debug|Any CPU
		{60E2B390-1161-40B7-9273-14E6EAACCE45}.Debug|Any CPU.Build.0 = Debug|Any CPU
		{60E2B390-1161-40B7-9273-14E6EAACCE45}.Release|Any CPU.ActiveCfg = Release|Any CPU
		{60E2B390-1161-40B7-9273-14E6EAACCE45}.Release|Any CPU.Build.0 = Release|Any CPU
	EndGlobalSection
	GlobalSection(SolutionProperties) = preSolution
		HideSolutionNode = FALSE
	EndGlobalSection
	GlobalSection(ExtensibilityGlobals) = postSolution
		SolutionGuid = {C6E2B1A6-5CDD-4596-9C7F-49E24A2EF655}
	EndGlobalSection
EndGlobal
